
Microsoft Visual Studio Solution File, Format Version 12.00
Project("{FAE04EC0-301F-11D3-BF4B-00C04F79EFBC}") = "SentimentAnalysis.API", "SentimentAnalysis.API\SentimentAnalysis.API.csproj", "{B2568571-B209-4AFF-B567-3ABC5E15AF57}"
EndProject
Project("{FAE04EC0-301F-11D3-BF4B-00C04F79EFBC}") = "SentimentAnalysis.Trainer", "SentimentAnalysis.Trainer\SentimentAnalysis.Trainer.csproj", "{2F051EAA-4BD2-492A-B4C5-385C7BEBCDF5}"
EndProject
Global
	GlobalSection(SolutionConfigurationPlatforms) = preSolution
		Debug|Any CPU = Debug|Any CPU
		Release|Any CPU = Release|Any CPU
	EndGlobalSection
	GlobalSection(ProjectConfigurationPlatforms) = postSolution
		{B2568571-B209-4AFF-B567-3ABC5E15AF57}.Debug|Any CPU.ActiveCfg = Debug|Any CPU
		{B2568571-B209-4AFF-B567-3ABC5E15AF57}.Debug|Any CPU.Build.0 = Debug|Any CPU
		{B2568571-B209-4AFF-B567-3ABC5E15AF57}.Release|Any CPU.ActiveCfg = Release|Any CPU
		{B2568571-B209-4AFF-B567-3ABC5E15AF57}.Release|Any CPU.Build.0 = Release|Any CPU
		{2F051EAA-4BD2-492A-B4C5-385C7BEBCDF5}.Debug|Any CPU.ActiveCfg = Debug|Any CPU
		{2F051EAA-4BD2-492A-B4C5-385C7BEBCDF5}.Debug|Any CPU.Build.0 = Debug|Any CPU
		{2F051EAA-4BD2-492A-B4C5-385C7BEBCDF5}.Release|Any CPU.ActiveCfg = Release|Any CPU
		{2F051EAA-4BD2-492A-B4C5-385C7BEBCDF5}.Release|Any CPU.Build.0 = Release|Any CPU
	EndGlobalSection
EndGlobal
